// !$*UTF8*$!
{
	archiveVersion = 1;
	classes = {
	};
	objectVersion = 46;
	objects = {

/* Begin PBXBuildFile section */
		BAE12E5D1AD67B2500183119 /* main.cpp in Sources */ = {isa = PBXBuildFile; fileRef = BAE12E5C1AD67B2500183119 /* main.cpp */; };
		BAE12E651AD67F9D00183119 /* CAstar.cpp in Sources */ = {isa = PBXBuildFile; fileRef = BAE12E631AD67F9D00183119 /* CAstar.cpp */; };
/* End PBXBuildFile section */

/* Begin PBXCopyFilesBuildPhase section */
		BAE12E571AD67B2500183119 /* CopyFiles */ = {
			isa = PBXCopyFilesBuildPhase;
			buildActionMask = 2147483647;
			dstPath = /usr/share/man/man1/;
			dstSubfolderSpec = 0;
			files = (
			);
			runOnlyForDeploymentPostprocessing = 1;
		};
/* End PBXCopyFilesBuildPhase section */

/* Begin PBXFileReference section */
		BAE12E591AD67B2500183119 /* Astar */ = {isa = PBXFileReference; explicitFileType = "compiled.mach-o.executable"; includeInIndex = 0; path = Astar; sourceTree = BUILT_PRODUCTS_DIR; };
		BAE12E5C1AD67B2500183119 /* main.cpp */ = {isa = PBXFileReference; lastKnownFileType = sourcecode.cpp.cpp; path = main.cpp; sourceTree = "<group>"; };
		BAE12E631AD67F9D00183119 /* CAstar.cpp */ = {isa = PBXFileReference; fileEncoding = 4; lastKnownFileType = sourcecode.cpp.cpp; path = CAstar.cpp; sourceTree = "<group>"; };
		BAE12E641AD67F9D00183119 /* CAstar.h */ = {isa = PBXFileReference; fileEncoding = 4; lastKnownFileType = sourcecode.c.h; path = CAstar.h; sourceTree = "<group>"; };
/* End PBXFileReference section */

/* Begin PBXFrameworksBuildPhase section */
		BAE12E561AD67B2500183119 /* Frameworks */ = {
			isa = PBXFrameworksBuildPhase;
			buildActionMask = 2147483647;
			files = (
			);
			runOnlyForDeploymentPostprocessing = 0;
		};
/* End PBXFrameworksBuildPhase section */

/* Begin PBXGroup section */
		BAE12E501AD67B2500183119 = {
			isa = PBXGroup;
			children = (
				BAE12E5B1AD67B2500183119 /* Astar */,
				BAE12E5A1AD67B2500183119 /* Products */,
			);
			sourceTree = "<group>";
		};
		BAE12E5A1AD67B2500183119 /* Products */ = {
			isa = PBXGroup;
			children = (
				BAE12E591AD67B2500183119 /* Astar */,
			);
			name = Products;
			sourceTree = "<group>";
		};
		BAE12E5B1AD67B2500183119 /* Astar */ = {
			isa = PBXGroup;
			children = (
				BAE12E5C1AD67B2500183119 /* main.cpp */,
				BAE12E631AD67F9D00183119 /* CAstar.cpp */,
				BAE12E641AD67F9D00183119 /* CAstar.h */,
			);
			path = Astar;
			sourceTree = "<group>";
		};
/* End PBXGroup section */

/* Begin PBXNativeTarget section */
		BAE12E581AD67B2500183119 /* Astar */ = {
			isa = PBXNativeTarget;
			buildConfigurationList = BAE12E601AD67B2500183119 /* Build configuration list for PBXNativeTarget "Astar" */;
			buildPhases = (
				BAE12E551AD67B2500183119 /* Sources */,
				BAE12E561AD67B2500183119 /* Frameworks */,
				BAE12E571AD67B2500183119 /* CopyFiles */,
			);
			buildRules = (
			);
			dependencies = (
			);
			name = Astar;
			productName = Astar;
			productReference = BAE12E591AD67B2500183119 /* Astar */;
			productType = "com.apple.product-type.tool";
		};
/* End PBXNativeTarget section */

/* Begin PBXProject section */
		BAE12E511AD67B2500183119 /* Project object */ = {
			isa = PBXProject;
			attributes = {
				LastUpgradeCheck = 0620;
				ORGANIZATIONNAME = xujw;
				TargetAttributes = {
					BAE12E581AD67B2500183119 = {
						CreatedOnToolsVersion = 6.2;
					};
				};
			};
			buildConfigurationList = BAE12E541AD67B2500183119 /* Build configuration list for PBXProject "Astar" */;
			compatibilityVersion = "Xcode 3.2";
			developmentRegion = English;
			hasScannedForEncodings = 0;
			knownRegions = (
				en,
			);
			mainGroup = BAE12E501AD67B2500183119;
			productRefGroup = BAE12E5A1AD67B2500183119 /* Products */;
			projectDirPath = "";
			projectRoot = "";
			targets = (
				BAE12E581AD67B2500183119 /* Astar */,
			);
		};
/* End PBXProject section */

/* Begin PBXSourcesBuildPhase section */
		BAE12E551AD67B2500183119 /* Sources */ = {
			isa = PBXSourcesBuildPhase;
			buildActionMask = 2147483647;
			files = (
				BAE12E5D1AD67B2500183119 /* main.cpp in Sources */,
				BAE12E651AD67F9D00183119 /* CAstar.cpp in Sources */,
			);
			runOnlyForDeploymentPostprocessing = 0;
		};
/* End PBXSourcesBuildPhase section */

/* Begin XCBuildConfiguration section */
		BAE12E5E1AD67B2500183119 /* Debug */ = {
			isa = XCBuildConfiguration;
			buildSettings = {
				ALWAYS_SEARCH_USER_PATHS = NO;
				CLANG_CXX_LANGUAGE_STANDARD = "gnu++0x";
				CLANG_CXX_LIBRARY = "libc++";
				CLANG_ENABLE_MODULES = YES;
				CLANG_ENABLE_OBJC_ARC = YES;
				CLANG_WARN_BOOL_CONVERSION = YES;
				CLANG_WARN_CONSTANT_CONVERSION = YES;
				CLANG_WARN_DIRECT_OBJC_ISA_USAGE = YES_ERROR;
				CLANG_WARN_EMPTY_BODY = YES;
				CLANG_WARN_ENUM_CONVERSION = YES;
				CLANG_WARN_INT_CONVERSION = YES;
				CLANG_WARN_OBJC_ROOT_CLASS = YES_ERROR;
				CLANG_WARN_UNREACHABLE_CODE = YES;
				CLANG_WARN__DUPLICATE_METHOD_MATCH = YES;
				COPY_PHASE_STRIP = NO;
				ENABLE_STRICT_OBJC_MSGSEND = YES;
				GCC_C_LANGUAGE_STANDARD = gnu99;
				GCC_DYNAMIC_NO_PIC = NO;
				GCC_OPTIMIZATION_LEVEL = 0;
				GCC_PREPROCESSOR_DEFINITIONS = (
					"DEBUG=1",
					"$(inherited)",
				);
				GCC_SYMBOLS_PRIVATE_EXTERN = NO;
				GCC_WARN_64_TO_32_BIT_CONVERSION = YES;
				GCC_WARN_ABOUT_RETURN_TYPE = YES_ERROR;
				GCC_WARN_UNDECLARED_SELECTOR = YES;
				GCC_WARN_UNINITIALIZED_AUTOS = YES_AGGRESSIVE;
				GCC_WARN_UNUSED_FUNCTION = YES;
				GCC_WARN_UNUSED_VARIABLE = YES;
				MACOSX_DEPLOYMENT_TARGET = 10.10;
				MTL_ENABLE_DEBUG_INFO = YES;
				ONLY_ACTIVE_ARCH = YES;
				SDKROOT = macosx;
			};
			name = Debug;
		};
		BAE12E5F1AD67B2500183119 /* Release */ = {
			isa = XCBuildConfiguration;
			buildSettings = {
				ALWAYS_SEARCH_USER_PATHS = NO;
				CLANG_CXX_LANGUAGE_STANDARD = "gnu++0x";
				CLANG_CXX_LIBRARY = "libc++";
				CLANG_ENABLE_MODULES = YES;
				CLANG_ENABLE_OBJC_ARC = YES;
				CLANG_WARN_BOOL_CONVERSION = YES;
				CLANG_WARN_CONSTANT_CONVERSION = YES;
				CLANG_WARN_DIRECT_OBJC_ISA_USAGE = YES_ERROR;
				CLANG_WARN_EMPTY_BODY = YES;
				CLANG_WARN_ENUM_CONVERSION = YES;
				CLANG_WARN_INT_CONVERSION = YES;
				CLANG_WARN_OBJC_ROOT_CLASS = YES_ERROR;
				CLANG_WARN_UNREACHABLE_CODE = YES;
				CLANG_WARN__DUPLICATE_METHOD_MATCH = YES;
				COPY_PHASE_STRIP = NO;
				DEBUG_INFORMATION_FORMAT = "dwarf-with-dsym";
				ENABLE_NS_ASSERTIONS = NO;
				ENABLE_STRICT_OBJC_MSGSEND = YES;
				GCC_C_LANGUAGE_STANDARD = gnu99;
				GCC_WARN_64_TO_32_BIT_CONVERSION = YES;
				GCC_WARN_ABOUT_RETURN_TYPE = YES_ERROR;
				GCC_WARN_UNDECLARED_SELECTOR = YES;
				GCC_WARN_UNINITIALIZED_AUTOS = YES_AGGRESSIVE;
				GCC_WARN_UNUSED_FUNCTION = YES;
				GCC_WARN_UNUSED_VARIABLE = YES;
				MACOSX_DEPLOYMENT_TARGET = 10.10;
				MTL_ENABLE_DEBUG_INFO = NO;
				SDKROOT = macosx;
			};
			name = Release;
		};
		BAE12E611AD67B2500183119 /* Debug */ = {
			isa = XCBuildConfiguration;
			buildSettings = {
				PRODUCT_NAME = "$(TARGET_NAME)";
			};
			name = Debug;
		};
		BAE12E621AD67B2500183119 /* Release */ = {
			isa = XCBuildConfiguration;
			buildSettings = {
				PRODUCT_NAME = "$(TARGET_NAME)";
			};
			name = Release;
		};
/* End XCBuildConfiguration section */

/* Begin XCConfigurationList section */
		BAE12E541AD67B2500183119 /* Build configuration list for PBXProject "Astar" */ = {
			isa = XCConfigurationList;
			buildConfigurations = (
				BAE12E5E1AD67B2500183119 /* Debug */,
				BAE12E5F1AD67B2500183119 /* Release */,
			);
			defaultConfigurationIsVisible = 0;
			defaultConfigurationName = Release;
		};
		BAE12E601AD67B2500183119 /* Build configuration list for PBXNativeTarget "Astar" */ = {
			isa = XCConfigurationList;
			buildConfigurations = (
				BAE12E611AD67B2500183119 /* Debug */,
				BAE12E621AD67B2500183119 /* Release */,
			);
			defaultConfigurationIsVisible = 0;
		};
/* End XCConfigurationList section */
	};
	rootObject = BAE12E511AD67B2500183119 /* Project object */;
}
